
Microsoft Visual Studio Solution File, Format Version 12.00
# Visual Studio 15
VisualStudioVersion = 15.0.28307.136
MinimumVisualStudioVersion = 10.0.40219.1
Project("{FAE04EC0-301F-11D3-BF4B-00C04F79EFBC}") = "EmployeeManagementWEBAPI", "EmployeeManagementWEBAPI\EmployeeManagementWEBAPI.csproj", "{6EB73E8C-D981-4A1E-A55D-C0D09F6A6590}"
EndProject
Global
	GlobalSection(SolutionConfigurationPlatforms) = preSolution
		Debug|Any CPU = Debug|Any CPU
		Release|Any CPU = Release|Any CPU
	EndGlobalSection
	GlobalSection(ProjectConfigurationPlatforms) = postSolution
		{6EB73E8C-D981-4A1E-A55D-C0D09F6A6590}.Debug|Any CPU.ActiveCfg = Debug|Any CPU
		{6EB73E8C-D981-4A1E-A55D-C0D09F6A6590}.Debug|Any CPU.Build.0 = Debug|Any CPU
		{6EB73E8C-D981-4A1E-A55D-C0D09F6A6590}.Release|Any CPU.ActiveCfg = Release|Any CPU
		{6EB73E8C-D981-4A1E-A55D-C0D09F6A6590}.Release|Any CPU.Build.0 = Release|Any CPU
	EndGlobalSection
	GlobalSection(SolutionProperties) = preSolution
		HideSolutionNode = FALSE
	EndGlobalSection
	GlobalSection(ExtensibilityGlobals) = postSolution
		SolutionGuid = {B2640355-5530-405C-98C7-D1ECB5A28A4E}
	EndGlobalSection
EndGlobal
